
Microsoft Visual Studio Solution File, Format Version 12.00
# Visual Studio Version 17
VisualStudioVersion = 17.0.31903.59
MinimumVisualStudioVersion = 10.0.40219.1
Project("{2150E333-8FDC-42A3-9474-1A3956D46DE8}") = "src", "src", "{99462DC4-83BC-446E-B459-308E82118D73}"
EndProject
Project("{FAE04EC0-301F-11D3-BF4B-00C04F79EFBC}") = "AiOrchestrator.Core", "src\AiOrchestrator.Core\AiOrchestrator.Core.csproj", "{FE06FFD4-6931-42E6-B2F8-89682DB946B1}"
EndProject
Project("{FAE04EC0-301F-11D3-BF4B-00C04F79EFBC}") = "AiOrchestrator.Llm.Claude", "src\AiOrchestrator.Llm.Claude\AiOrchestrator.Llm.Claude.csproj", "{1236B67E-F54F-4E47-80FD-08CB6438D81C}"
EndProject
Project("{FAE04EC0-301F-11D3-BF4B-00C04F79EFBC}") = "AiOrchestrator.Mcp", "src\AiOrchestrator.Mcp\AiOrchestrator.Mcp.csproj", "{0EB191ED-912D-43EE-9A2C-F99D7666FD1E}"
EndProject
Project("{2150E333-8FDC-42A3-9474-1A3956D46DE8}") = "McpServers", "McpServers", "{1E0B21C9-7623-44A4-92F3-05AE1B41A6BB}"
EndProject
Project("{FAE04EC0-301F-11D3-BF4B-00C04F79EFBC}") = "AiOrchestrator.McpServers.Common", "src\McpServers\AiOrchestrator.McpServers.Common\AiOrchestrator.McpServers.Common.csproj", "{ED5C113E-8353-49D3-9BFA-C37B8E9ECE21}"
EndProject
Project("{FAE04EC0-301F-11D3-BF4B-00C04F79EFBC}") = "PayeeMcpServer", "src\McpServers\PayeeMcpServer\PayeeMcpServer.csproj", "{B87F1748-2EE5-4978-BC8C-EB129898F42B}"
EndProject
Project("{FAE04EC0-301F-11D3-BF4B-00C04F79EFBC}") = "BusinessSecurityMcpServer", "src\McpServers\BusinessSecurityMcpServer\BusinessSecurityMcpServer.csproj", "{47ECD0AA-4CAB-4098-AB26-657B1EC30BF1}"
EndProject
Project("{FAE04EC0-301F-11D3-BF4B-00C04F79EFBC}") = "ApprovalWorkflowMcpServer", "src\McpServers\ApprovalWorkflowMcpServer\ApprovalWorkflowMcpServer.csproj", "{8E4C4DB2-D2C2-4E5C-85EC-C2D92F4CFC21}"
EndProject
Project("{FAE04EC0-301F-11D3-BF4B-00C04F79EFBC}") = "AiOrchestrator.Api", "src\AiOrchestrator.Api\AiOrchestrator.Api.csproj", "{0EDFE6D9-C130-4E69-BDF5-F3D330C4EC6F}"
EndProject
Project("{2150E333-8FDC-42A3-9474-1A3956D46DE8}") = "tests", "tests", "{1593958F-D50D-4AAF-98EC-4BA47A230E5B}"
EndProject
Project("{FAE04EC0-301F-11D3-BF4B-00C04F79EFBC}") = "AiOrchestrator.Tests", "tests\AiOrchestrator.Tests\AiOrchestrator.Tests.csproj", "{08F86C82-B43D-42F5-8F1D-52CDAEA8943D}"
EndProject
Project("{FAE04EC0-301F-11D3-BF4B-00C04F79EFBC}") = "AiOrchestrator.Mcp.Protocol", "src\AiOrchestrator.Mcp.Protocol\AiOrchestrator.Mcp.Protocol.csproj", "{960C946A-DC2F-4D08-95A0-851AF9EF8BFC}"
EndProject
Project("{FAE04EC0-301F-11D3-BF4B-00C04F79EFBC}") = "AiOrchestrator.Llm.Stub", "src\AiOrchestrator.Llm.Stub\AiOrchestrator.Llm.Stub.csproj", "{DD3C59B6-476D-46E2-B8AE-817D3767B2F4}"
EndProject
Global
	GlobalSection(SolutionConfigurationPlatforms) = preSolution
		Debug|Any CPU = Debug|Any CPU
		Release|Any CPU = Release|Any CPU
	EndGlobalSection
	GlobalSection(SolutionProperties) = preSolution
		HideSolutionNode = FALSE
	EndGlobalSection
	GlobalSection(ProjectConfigurationPlatforms) = postSolution
		{FE06FFD4-6931-42E6-B2F8-89682DB946B1}.Debug|Any CPU.ActiveCfg = Debug|Any CPU
		{FE06FFD4-6931-42E6-B2F8-89682DB946B1}.Debug|Any CPU.Build.0 = Debug|Any CPU
		{FE06FFD4-6931-42E6-B2F8-89682DB946B1}.Release|Any CPU.ActiveCfg = Release|Any CPU
		{FE06FFD4-6931-42E6-B2F8-89682DB946B1}.Release|Any CPU.Build.0 = Release|Any CPU
		{1236B67E-F54F-4E47-80FD-08CB6438D81C}.Debug|Any CPU.ActiveCfg = Debug|Any CPU
		{1236B67E-F54F-4E47-80FD-08CB6438D81C}.Debug|Any CPU.Build.0 = Debug|Any CPU
		{1236B67E-F54F-4E47-80FD-08CB6438D81C}.Release|Any CPU.ActiveCfg = Release|Any CPU
		{1236B67E-F54F-4E47-80FD-08CB6438D81C}.Release|Any CPU.Build.0 = Release|Any CPU
		{0EB191ED-912D-43EE-9A2C-F99D7666FD1E}.Debug|Any CPU.ActiveCfg = Debug|Any CPU
		{0EB191ED-912D-43EE-9A2C-F99D7666FD1E}.Debug|Any CPU.Build.0 = Debug|Any CPU
		{0EB191ED-912D-43EE-9A2C-F99D7666FD1E}.Release|Any CPU.ActiveCfg = Release|Any CPU
		{0EB191ED-912D-43EE-9A2C-F99D7666FD1E}.Release|Any CPU.Build.0 = Release|Any CPU
		{ED5C113E-8353-49D3-9BFA-C37B8E9ECE21}.Debug|Any CPU.ActiveCfg = Debug|Any CPU
		{ED5C113E-8353-49D3-9BFA-C37B8E9ECE21}.Debug|Any CPU.Build.0 = Debug|Any CPU
		{ED5C113E-8353-49D3-9BFA-C37B8E9ECE21}.Release|Any CPU.ActiveCfg = Release|Any CPU
		{ED5C113E-8353-49D3-9BFA-C37B8E9ECE21}.Release|Any CPU.Build.0 = Release|Any CPU
		{B87F1748-2EE5-4978-BC8C-EB129898F42B}.Debug|Any CPU.ActiveCfg = Debug|Any CPU
		{B87F1748-2EE5-4978-BC8C-EB129898F42B}.Debug|Any CPU.Build.0 = Debug|Any CPU
		{B87F1748-2EE5-4978-BC8C-EB129898F42B}.Release|Any CPU.ActiveCfg = Release|Any CPU
		{B87F1748-2EE5-4978-BC8C-EB129898F42B}.Release|Any CPU.Build.0 = Release|Any CPU
		{47ECD0AA-4CAB-4098-AB26-657B1EC30BF1}.Debug|Any CPU.ActiveCfg = Debug|Any CPU
		{47ECD0AA-4CAB-4098-AB26-657B1EC30BF1}.Debug|Any CPU.Build.0 = Debug|Any CPU
		{47ECD0AA-4CAB-4098-AB26-657B1EC30BF1}.Release|Any CPU.ActiveCfg = Release|Any CPU
		{47ECD0AA-4CAB-4098-AB26-657B1EC30BF1}.Release|Any CPU.Build.0 = Release|Any CPU
		{8E4C4DB2-D2C2-4E5C-85EC-C2D92F4CFC21}.Debug|Any CPU.ActiveCfg = Debug|Any CPU
		{8E4C4DB2-D2C2-4E5C-85EC-C2D92F4CFC21}.Debug|Any CPU.Build.0 = Debug|Any CPU
		{8E4C4DB2-D2C2-4E5C-85EC-C2D92F4CFC21}.Release|Any CPU.ActiveCfg = Release|Any CPU
		{8E4C4DB2-D2C2-4E5C-85EC-C2D92F4CFC21}.Release|Any CPU.Build.0 = Release|Any CPU
		{0EDFE6D9-C130-4E69-BDF5-F3D330C4EC6F}.Debug|Any CPU.ActiveCfg = Debug|Any CPU
		{0EDFE6D9-C130-4E69-BDF5-F3D330C4EC6F}.Debug|Any CPU.Build.0 = Debug|Any CPU
		{0EDFE6D9-C130-4E69-BDF5-F3D330C4EC6F}.Release|Any CPU.ActiveCfg = Release|Any CPU
		{0EDFE6D9-C130-4E69-BDF5-F3D330C4EC6F}.Release|Any CPU.Build.0 = Release|Any CPU
		{08F86C82-B43D-42F5-8F1D-52CDAEA8943D}.Debug|Any CPU.ActiveCfg = Debug|Any CPU
		{08F86C82-B43D-42F5-8F1D-52CDAEA8943D}.Debug|Any CPU.Build.0 = Debug|Any CPU
		{08F86C82-B43D-42F5-8F1D-52CDAEA8943D}.Release|Any CPU.ActiveCfg = Release|Any CPU
		{08F86C82-B43D-42F5-8F1D-52CDAEA8943D}.Release|Any CPU.Build.0 = Release|Any CPU
		{960C946A-DC2F-4D08-95A0-851AF9EF8BFC}.Debug|Any CPU.ActiveCfg = Debug|Any CPU
		{960C946A-DC2F-4D08-95A0-851AF9EF8BFC}.Debug|Any CPU.Build.0 = Debug|Any CPU
		{960C946A-DC2F-4D08-95A0-851AF9EF8BFC}.Release|Any CPU.ActiveCfg = Release|Any CPU
		{960C946A-DC2F-4D08-95A0-851AF9EF8BFC}.Release|Any CPU.Build.0 = Release|Any CPU
		{DD3C59B6-476D-46E2-B8AE-817D3767B2F4}.Debug|Any CPU.ActiveCfg = Debug|Any CPU
		{DD3C59B6-476D-46E2-B8AE-817D3767B2F4}.Debug|Any CPU.Build.0 = Debug|Any CPU
		{DD3C59B6-476D-46E2-B8AE-817D3767B2F4}.Release|Any CPU.ActiveCfg = Release|Any CPU
		{DD3C59B6-476D-46E2-B8AE-817D3767B2F4}.Release|Any CPU.Build.0 = Release|Any CPU
	EndGlobalSection
	GlobalSection(NestedProjects) = preSolution
		{FE06FFD4-6931-42E6-B2F8-89682DB946B1} = {99462DC4-83BC-446E-B459-308E82118D73}
		{1236B67E-F54F-4E47-80FD-08CB6438D81C} = {99462DC4-83BC-446E-B459-308E82118D73}
		{0EB191ED-912D-43EE-9A2C-F99D7666FD1E} = {99462DC4-83BC-446E-B459-308E82118D73}
		{1E0B21C9-7623-44A4-92F3-05AE1B41A6BB} = {99462DC4-83BC-446E-B459-308E82118D73}
		{ED5C113E-8353-49D3-9BFA-C37B8E9ECE21} = {1E0B21C9-7623-44A4-92F3-05AE1B41A6BB}
		{B87F1748-2EE5-4978-BC8C-EB129898F42B} = {1E0B21C9-7623-44A4-92F3-05AE1B41A6BB}
		{47ECD0AA-4CAB-4098-AB26-657B1EC30BF1} = {1E0B21C9-7623-44A4-92F3-05AE1B41A6BB}
		{8E4C4DB2-D2C2-4E5C-85EC-C2D92F4CFC21} = {1E0B21C9-7623-44A4-92F3-05AE1B41A6BB}
		{0EDFE6D9-C130-4E69-BDF5-F3D330C4EC6F} = {99462DC4-83BC-446E-B459-308E82118D73}
		{08F86C82-B43D-42F5-8F1D-52CDAEA8943D} = {1593958F-D50D-4AAF-98EC-4BA47A230E5B}
		{960C946A-DC2F-4D08-95A0-851AF9EF8BFC} = {99462DC4-83BC-446E-B459-308E82118D73}
		{DD3C59B6-476D-46E2-B8AE-817D3767B2F4} = {99462DC4-83BC-446E-B459-308E82118D73}
	EndGlobalSection
EndGlobal
